
Microsoft Visual Studio Solution File, Format Version 12.00
# Visual Studio Version 16
VisualStudioVersion = 16.0.29613.14
MinimumVisualStudioVersion = 10.0.40219.1
Project("{FAE04EC0-301F-11D3-BF4B-00C04F79EFBC}") = "ConsoleApplication", "ConsoleApplication\ConsoleApplication.csproj", "{DAD55432-F8DF-48A7-A54E-D07B3F65911C}"
EndProject
Global
	GlobalSection(SolutionConfigurationPlatforms) = preSolution
		Debug|Any CPU = Debug|Any CPU
		Release|Any CPU = Release|Any CPU
	EndGlobalSection
	GlobalSection(ProjectConfigurationPlatforms) = postSolution
		{DAD55432-F8DF-48A7-A54E-D07B3F65911C}.Debug|Any CPU.ActiveCfg = Debug|Any CPU
		{DAD55432-F8DF-48A7-A54E-D07B3F65911C}.Debug|Any CPU.Build.0 = Debug|Any CPU
		{DAD55432-F8DF-48A7-A54E-D07B3F65911C}.Release|Any CPU.ActiveCfg = Release|Any CPU
		{DAD55432-F8DF-48A7-A54E-D07B3F65911C}.Release|Any CPU.Build.0 = Release|Any CPU
	EndGlobalSection
	GlobalSection(SolutionProperties) = preSolution
		HideSolutionNode = FALSE
	EndGlobalSection
	GlobalSection(ExtensibilityGlobals) = postSolution
		SolutionGuid = {39FA09C6-6852-4BC2-B140-A0D272F5619A}
	EndGlobalSection
EndGlobal
